
Microsoft Visual Studio Solution File, Format Version 12.00
# Visual Studio for Mac
Project("{FAE04EC0-301F-11D3-BF4B-00C04F79EFBC}") = "Assembly-CSharp", "Assembly-CSharp.csproj", "{DC359854-E608-1848-22BA-F0864F840E51}"
EndProject
Project("{FAE04EC0-301F-11D3-BF4B-00C04F79EFBC}") = "Assembly-CSharp-Editor", "Assembly-CSharp-Editor.csproj", "{315FA3E8-AE2E-6EC2-3143-1E8D2027A240}"
EndProject
Global
	GlobalSection(SolutionConfigurationPlatforms) = preSolution
		Debug|Any CPU = Debug|Any CPU
		Release|Any CPU = Release|Any CPU
	EndGlobalSection
	GlobalSection(ProjectConfigurationPlatforms) = postSolution
		{DC359854-E608-1848-22BA-F0864F840E51}.Debug|Any CPU.ActiveCfg = Debug|Any CPU
		{DC359854-E608-1848-22BA-F0864F840E51}.Debug|Any CPU.Build.0 = Debug|Any CPU
		{DC359854-E608-1848-22BA-F0864F840E51}.Release|Any CPU.ActiveCfg = Release|Any CPU
		{DC359854-E608-1848-22BA-F0864F840E51}.Release|Any CPU.Build.0 = Release|Any CPU
		{315FA3E8-AE2E-6EC2-3143-1E8D2027A240}.Debug|Any CPU.ActiveCfg = Debug|Any CPU
		{315FA3E8-AE2E-6EC2-3143-1E8D2027A240}.Debug|Any CPU.Build.0 = Debug|Any CPU
		{315FA3E8-AE2E-6EC2-3143-1E8D2027A240}.Release|Any CPU.ActiveCfg = Release|Any CPU
		{315FA3E8-AE2E-6EC2-3143-1E8D2027A240}.Release|Any CPU.Build.0 = Release|Any CPU
	EndGlobalSection
	GlobalSection(SolutionProperties) = preSolution
		HideSolutionNode = FALSE
	EndGlobalSection
EndGlobal
