Microsoft Visual Studio Solution File, Format Version 11.00
# Visual Studio 2008

Project("{70BCCB79-E887-AC70-B8B0-154C75691A22}") = "TransPlayground", "Assembly-CSharp.csproj", "{9754607B-287F-6CCC-338E-E8BC20FC1F7D}"
EndProject
Global
	GlobalSection(SolutionConfigurationPlatforms) = preSolution
		Debug|Any CPU = Debug|Any CPU
		Release|Any CPU = Release|Any CPU
	EndGlobalSection
	GlobalSection(ProjectConfigurationPlatforms) = postSolution
		{9754607B-287F-6CCC-338E-E8BC20FC1F7D}.Debug|Any CPU.ActiveCfg = Debug|Any CPU
		{9754607B-287F-6CCC-338E-E8BC20FC1F7D}.Debug|Any CPU.Build.0 = Debug|Any CPU
		{9754607B-287F-6CCC-338E-E8BC20FC1F7D}.Release|Any CPU.ActiveCfg = Release|Any CPU
		{9754607B-287F-6CCC-338E-E8BC20FC1F7D}.Release|Any CPU.Build.0 = Release|Any CPU
	EndGlobalSection
	GlobalSection(SolutionProperties) = preSolution
		HideSolutionNode = FALSE
	EndGlobalSection
	GlobalSection(MonoDevelopProperties) = preSolution
		StartupItem = Assembly-CSharp.csproj
	EndGlobalSection
EndGlobal
